// !$*UTF8*$!
{
	archiveVersion = 1;
	classes = {
	};
	objectVersion = 48;
	objects = {

/* Begin PBXBuildFile section */
		196E19861FC87D1600B90057 /* AppDelegate.swift in Sources */ = {isa = PBXBuildFile; fileRef = 196E19851FC87D1600B90057 /* AppDelegate.swift */; };
		196E198D1FC87D1600B90057 /* Assets.xcassets in Resources */ = {isa = PBXBuildFile; fileRef = 196E198C1FC87D1600B90057 /* Assets.xcassets */; };
		3C9DE3CED278BE4BC7395E3B /* Main.storyboard in Resources */ = {isa = PBXBuildFile; fileRef = 3C9DE850D675D51A98907E8B /* Main.storyboard */; };
		3C9DE9EBDD824D8833666A78 /* UdacityClient.swift in Sources */ = {isa = PBXBuildFile; fileRef = 3C9DE55C2AFBA5718D02422E /* UdacityClient.swift */; };
		3C9DEB1CAA0AD7876A79705B /* LoginViewController.swift in Sources */ = {isa = PBXBuildFile; fileRef = 3C9DE55A98323D073B3D4136 /* LoginViewController.swift */; };
		3C9DEB26FDCFA2EEFE94AF40 /* UdacityConstants.swift in Sources */ = {isa = PBXBuildFile; fileRef = 3C9DE2E5CA3318B9DE88105F /* UdacityConstants.swift */; };
		3C9DED3CA69D37FCF1D5938A /* LaunchScreen.storyboard in Resources */ = {isa = PBXBuildFile; fileRef = 3C9DE36FEEE11D2CA75F2F2D /* LaunchScreen.storyboard */; };
/* End PBXBuildFile section */

/* Begin PBXFileReference section */
		196E19821FC87D1600B90057 /* On the Map.app */ = {isa = PBXFileReference; explicitFileType = wrapper.application; includeInIndex = 0; path = "On the Map.app"; sourceTree = BUILT_PRODUCTS_DIR; };
		196E19851FC87D1600B90057 /* AppDelegate.swift */ = {isa = PBXFileReference; lastKnownFileType = sourcecode.swift; path = AppDelegate.swift; sourceTree = "<group>"; };
		196E198C1FC87D1600B90057 /* Assets.xcassets */ = {isa = PBXFileReference; lastKnownFileType = folder.assetcatalog; path = Assets.xcassets; sourceTree = "<group>"; };
		3C9DE2E5CA3318B9DE88105F /* UdacityConstants.swift */ = {isa = PBXFileReference; fileEncoding = 4; lastKnownFileType = sourcecode.swift; path = UdacityConstants.swift; sourceTree = "<group>"; };
		3C9DE55A98323D073B3D4136 /* LoginViewController.swift */ = {isa = PBXFileReference; fileEncoding = 4; lastKnownFileType = sourcecode.swift; path = LoginViewController.swift; sourceTree = "<group>"; };
		3C9DE55C2AFBA5718D02422E /* UdacityClient.swift */ = {isa = PBXFileReference; fileEncoding = 4; lastKnownFileType = sourcecode.swift; path = UdacityClient.swift; sourceTree = "<group>"; };
		3C9DE6CDE347973D1450516B /* Base */ = {isa = PBXFileReference; lastKnownFileType = file.storyboard; name = Base; path = Base.lproj/Main.storyboard; sourceTree = "<group>"; };
		3C9DE964C95651A55925121E /* Base */ = {isa = PBXFileReference; lastKnownFileType = file.storyboard; name = Base; path = Base.lproj/LaunchScreen.storyboard; sourceTree = "<group>"; };
		3C9DED46623289574E9A06A3 /* Info.plist */ = {isa = PBXFileReference; fileEncoding = 4; lastKnownFileType = text.plist.info; path = Info.plist; sourceTree = "<group>"; };
/* End PBXFileReference section */

/* Begin PBXFrameworksBuildPhase section */
		196E197F1FC87D1600B90057 /* Frameworks */ = {
			isa = PBXFrameworksBuildPhase;
			buildActionMask = 2147483647;
			files = (
			);
			runOnlyForDeploymentPostprocessing = 0;
		};
/* End PBXFrameworksBuildPhase section */

/* Begin PBXGroup section */
		196E19791FC87D1600B90057 = {
			isa = PBXGroup;
			children = (
				196E19841FC87D1600B90057 /* On the Map */,
				196E19831FC87D1600B90057 /* Products */,
			);
			sourceTree = "<group>";
		};
		196E19831FC87D1600B90057 /* Products */ = {
			isa = PBXGroup;
			children = (
				196E19821FC87D1600B90057 /* On the Map.app */,
			);
			name = Products;
			sourceTree = "<group>";
		};
		196E19841FC87D1600B90057 /* On the Map */ = {
			isa = PBXGroup;
			children = (
				196E19851FC87D1600B90057 /* AppDelegate.swift */,
				196E198C1FC87D1600B90057 /* Assets.xcassets */,
				3C9DE194789800E2A0F919D3 /* Storyboards */,
				3C9DECAEE39F3EFDA3F3B57A /* Controller */,
				3C9DEA157071993470C5B099 /* Model */,
				3C9DED46623289574E9A06A3 /* Info.plist */,
			);
			path = "On the Map";
			sourceTree = "<group>";
		};
		3C9DE194789800E2A0F919D3 /* Storyboards */ = {
			isa = PBXGroup;
			children = (
				3C9DE36FEEE11D2CA75F2F2D /* LaunchScreen.storyboard */,
				3C9DE850D675D51A98907E8B /* Main.storyboard */,
			);
			name = Storyboards;
			sourceTree = "<group>";
		};
		3C9DE2650392ED17B2B05E16 /* Udacity */ = {
			isa = PBXGroup;
			children = (
				3C9DE55C2AFBA5718D02422E /* UdacityClient.swift */,
				3C9DE2E5CA3318B9DE88105F /* UdacityConstants.swift */,
			);
			path = Udacity;
			sourceTree = "<group>";
		};
		3C9DE97EC7B8A60100DBBD79 /* APIClients */ = {
			isa = PBXGroup;
			children = (
				3C9DE2650392ED17B2B05E16 /* Udacity */,
			);
			path = APIClients;
			sourceTree = "<group>";
		};
		3C9DEA157071993470C5B099 /* Model */ = {
			isa = PBXGroup;
			children = (
				3C9DE97EC7B8A60100DBBD79 /* APIClients */,
			);
			path = Model;
			sourceTree = "<group>";
		};
		3C9DECAEE39F3EFDA3F3B57A /* Controller */ = {
			isa = PBXGroup;
			children = (
				3C9DE55A98323D073B3D4136 /* LoginViewController.swift */,
			);
			path = Controller;
			sourceTree = "<group>";
		};
/* End PBXGroup section */

/* Begin PBXNativeTarget section */
		196E19811FC87D1600B90057 /* On the Map */ = {
			isa = PBXNativeTarget;
			buildConfigurationList = 196E19941FC87D1600B90057 /* Build configuration list for PBXNativeTarget "On the Map" */;
			buildPhases = (
				196E197E1FC87D1600B90057 /* Sources */,
				196E197F1FC87D1600B90057 /* Frameworks */,
				196E19801FC87D1600B90057 /* Resources */,
			);
			buildRules = (
			);
			dependencies = (
			);
			name = "On the Map";
			productName = "On the Map";
			productReference = 196E19821FC87D1600B90057 /* On the Map.app */;
			productType = "com.apple.product-type.application";
		};
/* End PBXNativeTarget section */

/* Begin PBXProject section */
		196E197A1FC87D1600B90057 /* Project object */ = {
			isa = PBXProject;
			attributes = {
				LastSwiftUpdateCheck = 0910;
				LastUpgradeCheck = 0910;
				ORGANIZATIONNAME = "Niklas Rammerstorfer";
				TargetAttributes = {
					196E19811FC87D1600B90057 = {
						CreatedOnToolsVersion = 9.1;
						ProvisioningStyle = Automatic;
					};
				};
			};
			buildConfigurationList = 196E197D1FC87D1600B90057 /* Build configuration list for PBXProject "On the Map" */;
			compatibilityVersion = "Xcode 8.0";
			developmentRegion = en;
			hasScannedForEncodings = 0;
			knownRegions = (
				en,
				Base,
			);
			mainGroup = 196E19791FC87D1600B90057;
			productRefGroup = 196E19831FC87D1600B90057 /* Products */;
			projectDirPath = "";
			projectRoot = "";
			targets = (
				196E19811FC87D1600B90057 /* On the Map */,
			);
		};
/* End PBXProject section */

/* Begin PBXResourcesBuildPhase section */
		196E19801FC87D1600B90057 /* Resources */ = {
			isa = PBXResourcesBuildPhase;
			buildActionMask = 2147483647;
			files = (
				196E198D1FC87D1600B90057 /* Assets.xcassets in Resources */,
				3C9DED3CA69D37FCF1D5938A /* LaunchScreen.storyboard in Resources */,
				3C9DE3CED278BE4BC7395E3B /* Main.storyboard in Resources */,
			);
			runOnlyForDeploymentPostprocessing = 0;
		};
/* End PBXResourcesBuildPhase section */

/* Begin PBXSourcesBuildPhase section */
		196E197E1FC87D1600B90057 /* Sources */ = {
			isa = PBXSourcesBuildPhase;
			buildActionMask = 2147483647;
			files = (
				196E19861FC87D1600B90057 /* AppDelegate.swift in Sources */,
				3C9DEB1CAA0AD7876A79705B /* LoginViewController.swift in Sources */,
				3C9DE9EBDD824D8833666A78 /* UdacityClient.swift in Sources */,
				3C9DEB26FDCFA2EEFE94AF40 /* UdacityConstants.swift in Sources */,
			);
			runOnlyForDeploymentPostprocessing = 0;
		};
/* End PBXSourcesBuildPhase section */

/* Begin PBXVariantGroup section */
		3C9DE36FEEE11D2CA75F2F2D /* LaunchScreen.storyboard */ = {
			isa = PBXVariantGroup;
			children = (
				3C9DE964C95651A55925121E /* Base */,
			);
			name = LaunchScreen.storyboard;
			sourceTree = "<group>";
		};
		3C9DE850D675D51A98907E8B /* Main.storyboard */ = {
			isa = PBXVariantGroup;
			children = (
				3C9DE6CDE347973D1450516B /* Base */,
			);
			name = Main.storyboard;
			sourceTree = "<group>";
		};
/* End PBXVariantGroup section */

/* Begin XCBuildConfiguration section */
		196E19921FC87D1600B90057 /* Debug */ = {
			isa = XCBuildConfiguration;
			buildSettings = {
				ALWAYS_SEARCH_USER_PATHS = NO;
				CLANG_ANALYZER_NONNULL = YES;
				CLANG_ANALYZER_NUMBER_OBJECT_CONVERSION = YES_AGGRESSIVE;
				CLANG_CXX_LANGUAGE_STANDARD = "gnu++14";
				CLANG_CXX_LIBRARY = "libc++";
				CLANG_ENABLE_MODULES = YES;
				CLANG_ENABLE_OBJC_ARC = YES;
				CLANG_WARN_BLOCK_CAPTURE_AUTORELEASING = YES;
				CLANG_WARN_BOOL_CONVERSION = YES;
				CLANG_WARN_COMMA = YES;
				CLANG_WARN_CONSTANT_CONVERSION = YES;
				CLANG_WARN_DIRECT_OBJC_ISA_USAGE = YES_ERROR;
				CLANG_WARN_DOCUMENTATION_COMMENTS = YES;
				CLANG_WARN_EMPTY_BODY = YES;
				CLANG_WARN_ENUM_CONVERSION = YES;
				CLANG_WARN_INFINITE_RECURSION = YES;
				CLANG_WARN_INT_CONVERSION = YES;
				CLANG_WARN_NON_LITERAL_NULL_CONVERSION = YES;
				CLANG_WARN_OBJC_LITERAL_CONVERSION = YES;
				CLANG_WARN_OBJC_ROOT_CLASS = YES_ERROR;
				CLANG_WARN_RANGE_LOOP_ANALYSIS = YES;
				CLANG_WARN_STRICT_PROTOTYPES = YES;
				CLANG_WARN_SUSPICIOUS_MOVE = YES;
				CLANG_WARN_UNGUARDED_AVAILABILITY = YES_AGGRESSIVE;
				CLANG_WARN_UNREACHABLE_CODE = YES;
				CLANG_WARN__DUPLICATE_METHOD_MATCH = YES;
				CODE_SIGN_IDENTITY = "iPhone Developer";
				COPY_PHASE_STRIP = NO;
				DEBUG_INFORMATION_FORMAT = dwarf;
				ENABLE_STRICT_OBJC_MSGSEND = YES;
				ENABLE_TESTABILITY = YES;
				GCC_C_LANGUAGE_STANDARD = gnu11;
				GCC_DYNAMIC_NO_PIC = NO;
				GCC_NO_COMMON_BLOCKS = YES;
				GCC_OPTIMIZATION_LEVEL = 0;
				GCC_PREPROCESSOR_DEFINITIONS = (
					"DEBUG=1",
					"$(inherited)",
				);
				GCC_WARN_64_TO_32_BIT_CONVERSION = YES;
				GCC_WARN_ABOUT_RETURN_TYPE = YES_ERROR;
				GCC_WARN_UNDECLARED_SELECTOR = YES;
				GCC_WARN_UNINITIALIZED_AUTOS = YES_AGGRESSIVE;
				GCC_WARN_UNUSED_FUNCTION = YES;
				GCC_WARN_UNUSED_VARIABLE = YES;
				IPHONEOS_DEPLOYMENT_TARGET = 11.1;
				MTL_ENABLE_DEBUG_INFO = YES;
				ONLY_ACTIVE_ARCH = YES;
				SDKROOT = iphoneos;
				SWIFT_ACTIVE_COMPILATION_CONDITIONS = DEBUG;
				SWIFT_OPTIMIZATION_LEVEL = "-Onone";
			};
			name = Debug;
		};
		196E19931FC87D1600B90057 /* Release */ = {
			isa = XCBuildConfiguration;
			buildSettings = {
				ALWAYS_SEARCH_USER_PATHS = NO;
				CLANG_ANALYZER_NONNULL = YES;
				CLANG_ANALYZER_NUMBER_OBJECT_CONVERSION = YES_AGGRESSIVE;
				CLANG_CXX_LANGUAGE_STANDARD = "gnu++14";
				CLANG_CXX_LIBRARY = "libc++";
				CLANG_ENABLE_MODULES = YES;
				CLANG_ENABLE_OBJC_ARC = YES;
				CLANG_WARN_BLOCK_CAPTURE_AUTORELEASING = YES;
				CLANG_WARN_BOOL_CONVERSION = YES;
				CLANG_WARN_COMMA = YES;
				CLANG_WARN_CONSTANT_CONVERSION = YES;
				CLANG_WARN_DIRECT_OBJC_ISA_USAGE = YES_ERROR;
				CLANG_WARN_DOCUMENTATION_COMMENTS = YES;
				CLANG_WARN_EMPTY_BODY = YES;
				CLANG_WARN_ENUM_CONVERSION = YES;
				CLANG_WARN_INFINITE_RECURSION = YES;
				CLANG_WARN_INT_CONVERSION = YES;
				CLANG_WARN_NON_LITERAL_NULL_CONVERSION = YES;
				CLANG_WARN_OBJC_LITERAL_CONVERSION = YES;
				CLANG_WARN_OBJC_ROOT_CLASS = YES_ERROR;
				CLANG_WARN_RANGE_LOOP_ANALYSIS = YES;
				CLANG_WARN_STRICT_PROTOTYPES = YES;
				CLANG_WARN_SUSPICIOUS_MOVE = YES;
				CLANG_WARN_UNGUARDED_AVAILABILITY = YES_AGGRESSIVE;
				CLANG_WARN_UNREACHABLE_CODE = YES;
				CLANG_WARN__DUPLICATE_METHOD_MATCH = YES;
				CODE_SIGN_IDENTITY = "iPhone Developer";
				COPY_PHASE_STRIP = NO;
				DEBUG_INFORMATION_FORMAT = "dwarf-with-dsym";
				ENABLE_NS_ASSERTIONS = NO;
				ENABLE_STRICT_OBJC_MSGSEND = YES;
				GCC_C_LANGUAGE_STANDARD = gnu11;
				GCC_NO_COMMON_BLOCKS = YES;
				GCC_WARN_64_TO_32_BIT_CONVERSION = YES;
				GCC_WARN_ABOUT_RETURN_TYPE = YES_ERROR;
				GCC_WARN_UNDECLARED_SELECTOR = YES;
				GCC_WARN_UNINITIALIZED_AUTOS = YES_AGGRESSIVE;
				GCC_WARN_UNUSED_FUNCTION = YES;
				GCC_WARN_UNUSED_VARIABLE = YES;
				IPHONEOS_DEPLOYMENT_TARGET = 11.1;
				MTL_ENABLE_DEBUG_INFO = NO;
				SDKROOT = iphoneos;
				SWIFT_OPTIMIZATION_LEVEL = "-Owholemodule";
				VALIDATE_PRODUCT = YES;
			};
			name = Release;
		};
		196E19951FC87D1600B90057 /* Debug */ = {
			isa = XCBuildConfiguration;
			buildSettings = {
				ASSETCATALOG_COMPILER_APPICON_NAME = AppIcon;
				CODE_SIGN_STYLE = Automatic;
				DEVELOPMENT_TEAM = QJQ277SAGA;
				INFOPLIST_FILE = "On the Map/Info.plist";
				LD_RUNPATH_SEARCH_PATHS = "$(inherited) @executable_path/Frameworks";
				PRODUCT_BUNDLE_IDENTIFIER = "com.niklasrammerstorfer.On-the-Map";
				PRODUCT_NAME = "$(TARGET_NAME)";
				SWIFT_VERSION = 4.0;
				TARGETED_DEVICE_FAMILY = "1,2";
			};
			name = Debug;
		};
		196E19961FC87D1600B90057 /* Release */ = {
			isa = XCBuildConfiguration;
			buildSettings = {
				ASSETCATALOG_COMPILER_APPICON_NAME = AppIcon;
				CODE_SIGN_STYLE = Automatic;
				DEVELOPMENT_TEAM = QJQ277SAGA;
				INFOPLIST_FILE = "On the Map/Info.plist";
				LD_RUNPATH_SEARCH_PATHS = "$(inherited) @executable_path/Frameworks";
				PRODUCT_BUNDLE_IDENTIFIER = "com.niklasrammerstorfer.On-the-Map";
				PRODUCT_NAME = "$(TARGET_NAME)";
				SWIFT_VERSION = 4.0;
				TARGETED_DEVICE_FAMILY = "1,2";
			};
			name = Release;
		};
/* End XCBuildConfiguration section */

/* Begin XCConfigurationList section */
		196E197D1FC87D1600B90057 /* Build configuration list for PBXProject "On the Map" */ = {
			isa = XCConfigurationList;
			buildConfigurations = (
				196E19921FC87D1600B90057 /* Debug */,
				196E19931FC87D1600B90057 /* Release */,
			);
			defaultConfigurationIsVisible = 0;
			defaultConfigurationName = Release;
		};
		196E19941FC87D1600B90057 /* Build configuration list for PBXNativeTarget "On the Map" */ = {
			isa = XCConfigurationList;
			buildConfigurations = (
				196E19951FC87D1600B90057 /* Debug */,
				196E19961FC87D1600B90057 /* Release */,
			);
			defaultConfigurationIsVisible = 0;
			defaultConfigurationName = Release;
		};
/* End XCConfigurationList section */
	};
	rootObject = 196E197A1FC87D1600B90057 /* Project object */;
}
